// !$*UTF8*$!
{
	archiveVersion = 1;
	classes = {
	};
	objectVersion = 51;
	objects = {

/* Begin PBXBuildFile section */
		481F0492256B889200EF8000 /* AppDelegate.swift in Sources */ = {isa = PBXBuildFile; fileRef = 481F0491256B889200EF8000 /* AppDelegate.swift */; };
		481F0496256B889200EF8000 /* ViewController.swift in Sources */ = {isa = PBXBuildFile; fileRef = 481F0495256B889200EF8000 /* ViewController.swift */; };
		481F0499256B889200EF8000 /* Main.storyboard in Resources */ = {isa = PBXBuildFile; fileRef = 481F0497256B889200EF8000 /* Main.storyboard */; };
		481F049B256B889300EF8000 /* Assets.xcassets in Resources */ = {isa = PBXBuildFile; fileRef = 481F049A256B889300EF8000 /* Assets.xcassets */; };
		481F049E256B889300EF8000 /* LaunchScreen.storyboard in Resources */ = {isa = PBXBuildFile; fileRef = 481F049C256B889300EF8000 /* LaunchScreen.storyboard */; };
		486A956F256F45090094B2FB /* LeftViewController.swift in Sources */ = {isa = PBXBuildFile; fileRef = 486A956E256F45090094B2FB /* LeftViewController.swift */; };
		4876857825904A0D001E5BFA /* Localizable.strings in Resources */ = {isa = PBXBuildFile; fileRef = 4876857A25904A0D001E5BFA /* Localizable.strings */; };
		487685872590674B001E5BFA /* AlertSignUpVC.swift in Sources */ = {isa = PBXBuildFile; fileRef = 487685862590674B001E5BFA /* AlertSignUpVC.swift */; };
		4876858B25907F65001E5BFA /* CyCleWebViewController.swift in Sources */ = {isa = PBXBuildFile; fileRef = 4876858A25907F65001E5BFA /* CyCleWebViewController.swift */; };
		48A9B0AD258855EC00862D13 /* AlertMusicNotSet.xib in Resources */ = {isa = PBXBuildFile; fileRef = 48A9B0AC258855EC00862D13 /* AlertMusicNotSet.xib */; };
		48A9B0B02588561000862D13 /* AlertMusicNotSet.swift in Sources */ = {isa = PBXBuildFile; fileRef = 48A9B0AF2588561000862D13 /* AlertMusicNotSet.swift */; };
		48A9B0BE25887B4E00862D13 /* AlertViewNotSetMusicVC.swift in Sources */ = {isa = PBXBuildFile; fileRef = 48A9B0BD25887B4E00862D13 /* AlertViewNotSetMusicVC.swift */; };
		48A9B0C22588930900862D13 /* AlertVodDownVC.swift in Sources */ = {isa = PBXBuildFile; fileRef = 48A9B0C12588930900862D13 /* AlertVodDownVC.swift */; };
		48B14AF32581E50C005606C4 /* LiveInfoCell.xib in Resources */ = {isa = PBXBuildFile; fileRef = 48B14AF12581E50C005606C4 /* LiveInfoCell.xib */; };
		48B14AF42581E50C005606C4 /* LiveInfoCell.swift in Sources */ = {isa = PBXBuildFile; fileRef = 48B14AF22581E50C005606C4 /* LiveInfoCell.swift */; };
		48B14AF92581E570005606C4 /* SignUpViewController.swift in Sources */ = {isa = PBXBuildFile; fileRef = 48B14AF62581E56F005606C4 /* SignUpViewController.swift */; };
		48B14AFA2581E570005606C4 /* LoginViewController.swift in Sources */ = {isa = PBXBuildFile; fileRef = 48B14AF72581E56F005606C4 /* LoginViewController.swift */; };
		48B14AFB2581E570005606C4 /* MusicListController.swift in Sources */ = {isa = PBXBuildFile; fileRef = 48B14AF82581E56F005606C4 /* MusicListController.swift */; };
		48B14B012581E6B8005606C4 /* Protocol.swift in Sources */ = {isa = PBXBuildFile; fileRef = 48B14AFF2581E6B8005606C4 /* Protocol.swift */; };
		48B14B022581E6B8005606C4 /* Util.swift in Sources */ = {isa = PBXBuildFile; fileRef = 48B14B002581E6B8005606C4 /* Util.swift */; };
		48B14B052581E6E7005606C4 /* Constant.swift in Sources */ = {isa = PBXBuildFile; fileRef = 48B14B042581E6E7005606C4 /* Constant.swift */; };
		48B14B092581FC03005606C4 /* MusicInfo.swift in Sources */ = {isa = PBXBuildFile; fileRef = 48B14B082581FC03005606C4 /* MusicInfo.swift */; };
		48B14B0D2581FC2C005606C4 /* DatabaseManager.swift in Sources */ = {isa = PBXBuildFile; fileRef = 48B14B0B2581FC2C005606C4 /* DatabaseManager.swift */; };
		48B14B0E2581FC2C005606C4 /* MyStyle.swift in Sources */ = {isa = PBXBuildFile; fileRef = 48B14B0C2581FC2C005606C4 /* MyStyle.swift */; };
		48CE28E52592E5D70044EAE4 /* MusicTutorialViewController.swift in Sources */ = {isa = PBXBuildFile; fileRef = 48CE28E42592E5D70044EAE4 /* MusicTutorialViewController.swift */; };
		48CE28E82592F1F60044EAE4 /* AlertVersionVC.swift in Sources */ = {isa = PBXBuildFile; fileRef = 48CE28E72592F1F60044EAE4 /* AlertVersionVC.swift */; };
		48D793462589BC0400AA45F5 /* AlertSencerCheckVC.swift in Sources */ = {isa = PBXBuildFile; fileRef = 48D793452589BC0400AA45F5 /* AlertSencerCheckVC.swift */; };
		48D793492589C99400AA45F5 /* AlertResolutionVC.swift in Sources */ = {isa = PBXBuildFile; fileRef = 48D793482589C99400AA45F5 /* AlertResolutionVC.swift */; };
		48DE4116259440610000346E /* VideoInfo.swift in Sources */ = {isa = PBXBuildFile; fileRef = 48DE4115259440610000346E /* VideoInfo.swift */; };
		48DE411A259467210000346E /* VodListController.swift in Sources */ = {isa = PBXBuildFile; fileRef = 48DE4119259467210000346E /* VodListController.swift */; };
		48F0B36A258DCAB700C08B69 /* logoView.xib in Resources */ = {isa = PBXBuildFile; fileRef = 48F0B369258DCAB700C08B69 /* logoView.xib */; };
		48F0B36D258DCAFF00C08B69 /* logoView.swift in Sources */ = {isa = PBXBuildFile; fileRef = 48F0B36C258DCAFF00C08B69 /* logoView.swift */; };
		61B73A6105FD72356115E73F /* Pods_cycle.framework in Frameworks */ = {isa = PBXBuildFile; fileRef = AD93B7089648CBFC9A79B9BA /* Pods_cycle.framework */; };
/* End PBXBuildFile section */

/* Begin PBXFileReference section */
		481F048E256B889200EF8000 /* cycle.app */ = {isa = PBXFileReference; explicitFileType = wrapper.application; includeInIndex = 0; path = cycle.app; sourceTree = BUILT_PRODUCTS_DIR; };
		481F0491256B889200EF8000 /* AppDelegate.swift */ = {isa = PBXFileReference; lastKnownFileType = sourcecode.swift; path = AppDelegate.swift; sourceTree = "<group>"; };
		481F0495256B889200EF8000 /* ViewController.swift */ = {isa = PBXFileReference; lastKnownFileType = sourcecode.swift; path = ViewController.swift; sourceTree = "<group>"; };
		481F0498256B889200EF8000 /* Base */ = {isa = PBXFileReference; lastKnownFileType = file.storyboard; name = Base; path = Base.lproj/Main.storyboard; sourceTree = "<group>"; };
		481F049A256B889300EF8000 /* Assets.xcassets */ = {isa = PBXFileReference; lastKnownFileType = folder.assetcatalog; path = Assets.xcassets; sourceTree = "<group>"; };
		481F049D256B889300EF8000 /* Base */ = {isa = PBXFileReference; lastKnownFileType = file.storyboard; name = Base; path = Base.lproj/LaunchScreen.storyboard; sourceTree = "<group>"; };
		481F049F256B889300EF8000 /* Info.plist */ = {isa = PBXFileReference; lastKnownFileType = text.plist.xml; path = Info.plist; sourceTree = "<group>"; };
		486A956E256F45090094B2FB /* LeftViewController.swift */ = {isa = PBXFileReference; lastKnownFileType = sourcecode.swift; path = LeftViewController.swift; sourceTree = "<group>"; };
		4876857925904A0D001E5BFA /* en */ = {isa = PBXFileReference; lastKnownFileType = text.plist.strings; name = en; path = en.lproj/Localizable.strings; sourceTree = "<group>"; };
		4876857C25904A1D001E5BFA /* ko */ = {isa = PBXFileReference; lastKnownFileType = text.plist.strings; name = ko; path = ko.lproj/Localizable.strings; sourceTree = "<group>"; };
		487685862590674B001E5BFA /* AlertSignUpVC.swift */ = {isa = PBXFileReference; lastKnownFileType = sourcecode.swift; path = AlertSignUpVC.swift; sourceTree = "<group>"; };
		4876858A25907F65001E5BFA /* CyCleWebViewController.swift */ = {isa = PBXFileReference; lastKnownFileType = sourcecode.swift; path = CyCleWebViewController.swift; sourceTree = "<group>"; };
		48A9B0AC258855EC00862D13 /* AlertMusicNotSet.xib */ = {isa = PBXFileReference; lastKnownFileType = file.xib; path = AlertMusicNotSet.xib; sourceTree = "<group>"; };
		48A9B0AF2588561000862D13 /* AlertMusicNotSet.swift */ = {isa = PBXFileReference; lastKnownFileType = sourcecode.swift; path = AlertMusicNotSet.swift; sourceTree = "<group>"; };
		48A9B0BD25887B4E00862D13 /* AlertViewNotSetMusicVC.swift */ = {isa = PBXFileReference; lastKnownFileType = sourcecode.swift; path = AlertViewNotSetMusicVC.swift; sourceTree = "<group>"; };
		48A9B0C12588930900862D13 /* AlertVodDownVC.swift */ = {isa = PBXFileReference; lastKnownFileType = sourcecode.swift; path = AlertVodDownVC.swift; sourceTree = "<group>"; };
		48B14AF12581E50C005606C4 /* LiveInfoCell.xib */ = {isa = PBXFileReference; fileEncoding = 4; lastKnownFileType = file.xib; path = LiveInfoCell.xib; sourceTree = "<group>"; };
		48B14AF22581E50C005606C4 /* LiveInfoCell.swift */ = {isa = PBXFileReference; fileEncoding = 4; lastKnownFileType = sourcecode.swift; path = LiveInfoCell.swift; sourceTree = "<group>"; };
		48B14AF62581E56F005606C4 /* SignUpViewController.swift */ = {isa = PBXFileReference; fileEncoding = 4; lastKnownFileType = sourcecode.swift; path = SignUpViewController.swift; sourceTree = "<group>"; };
		48B14AF72581E56F005606C4 /* LoginViewController.swift */ = {isa = PBXFileReference; fileEncoding = 4; lastKnownFileType = sourcecode.swift; path = LoginViewController.swift; sourceTree = "<group>"; };
		48B14AF82581E56F005606C4 /* MusicListController.swift */ = {isa = PBXFileReference; fileEncoding = 4; lastKnownFileType = sourcecode.swift; path = MusicListController.swift; sourceTree = "<group>"; };
		48B14AFF2581E6B8005606C4 /* Protocol.swift */ = {isa = PBXFileReference; fileEncoding = 4; lastKnownFileType = sourcecode.swift; path = Protocol.swift; sourceTree = "<group>"; };
		48B14B002581E6B8005606C4 /* Util.swift */ = {isa = PBXFileReference; fileEncoding = 4; lastKnownFileType = sourcecode.swift; path = Util.swift; sourceTree = "<group>"; };
		48B14B042581E6E7005606C4 /* Constant.swift */ = {isa = PBXFileReference; fileEncoding = 4; lastKnownFileType = sourcecode.swift; path = Constant.swift; sourceTree = "<group>"; };
		48B14B082581FC03005606C4 /* MusicInfo.swift */ = {isa = PBXFileReference; fileEncoding = 4; lastKnownFileType = sourcecode.swift; path = MusicInfo.swift; sourceTree = "<group>"; };
		48B14B0B2581FC2C005606C4 /* DatabaseManager.swift */ = {isa = PBXFileReference; fileEncoding = 4; lastKnownFileType = sourcecode.swift; path = DatabaseManager.swift; sourceTree = "<group>"; };
		48B14B0C2581FC2C005606C4 /* MyStyle.swift */ = {isa = PBXFileReference; fileEncoding = 4; lastKnownFileType = sourcecode.swift; path = MyStyle.swift; sourceTree = "<group>"; };
		48CE28E42592E5D70044EAE4 /* MusicTutorialViewController.swift */ = {isa = PBXFileReference; lastKnownFileType = sourcecode.swift; path = MusicTutorialViewController.swift; sourceTree = "<group>"; };
		48CE28E72592F1F60044EAE4 /* AlertVersionVC.swift */ = {isa = PBXFileReference; lastKnownFileType = sourcecode.swift; path = AlertVersionVC.swift; sourceTree = "<group>"; };
		48D793452589BC0400AA45F5 /* AlertSencerCheckVC.swift */ = {isa = PBXFileReference; lastKnownFileType = sourcecode.swift; path = AlertSencerCheckVC.swift; sourceTree = "<group>"; };
		48D793482589C99400AA45F5 /* AlertResolutionVC.swift */ = {isa = PBXFileReference; lastKnownFileType = sourcecode.swift; path = AlertResolutionVC.swift; sourceTree = "<group>"; };
		48DE4115259440610000346E /* VideoInfo.swift */ = {isa = PBXFileReference; lastKnownFileType = sourcecode.swift; path = VideoInfo.swift; sourceTree = "<group>"; };
		48DE4119259467210000346E /* VodListController.swift */ = {isa = PBXFileReference; lastKnownFileType = sourcecode.swift; path = VodListController.swift; sourceTree = "<group>"; };
		48F0B369258DCAB700C08B69 /* logoView.xib */ = {isa = PBXFileReference; lastKnownFileType = file.xib; path = logoView.xib; sourceTree = "<group>"; };
		48F0B36C258DCAFF00C08B69 /* logoView.swift */ = {isa = PBXFileReference; lastKnownFileType = sourcecode.swift; path = logoView.swift; sourceTree = "<group>"; };
		6A6DBCA2A901E77A07A1ADB1 /* Pods-cycle.release.xcconfig */ = {isa = PBXFileReference; includeInIndex = 1; lastKnownFileType = text.xcconfig; name = "Pods-cycle.release.xcconfig"; path = "Target Support Files/Pods-cycle/Pods-cycle.release.xcconfig"; sourceTree = "<group>"; };
		AAF8A9DBBA5F86BD4889F21F /* Pods-cycle.debug.xcconfig */ = {isa = PBXFileReference; includeInIndex = 1; lastKnownFileType = text.xcconfig; name = "Pods-cycle.debug.xcconfig"; path = "Target Support Files/Pods-cycle/Pods-cycle.debug.xcconfig"; sourceTree = "<group>"; };
		AD93B7089648CBFC9A79B9BA /* Pods_cycle.framework */ = {isa = PBXFileReference; explicitFileType = wrapper.framework; includeInIndex = 0; path = Pods_cycle.framework; sourceTree = BUILT_PRODUCTS_DIR; };
/* End PBXFileReference section */

/* Begin PBXFrameworksBuildPhase section */
		481F048B256B889200EF8000 /* Frameworks */ = {
			isa = PBXFrameworksBuildPhase;
			buildActionMask = 2147483647;
			files = (
				61B73A6105FD72356115E73F /* Pods_cycle.framework in Frameworks */,
			);
			runOnlyForDeploymentPostprocessing = 0;
		};
/* End PBXFrameworksBuildPhase section */

/* Begin PBXGroup section */
		4108252D215C51BB19828B84 /* Pods */ = {
			isa = PBXGroup;
			children = (
				AAF8A9DBBA5F86BD4889F21F /* Pods-cycle.debug.xcconfig */,
				6A6DBCA2A901E77A07A1ADB1 /* Pods-cycle.release.xcconfig */,
			);
			path = Pods;
			sourceTree = "<group>";
		};
		481F0485256B889200EF8000 = {
			isa = PBXGroup;
			children = (
				481F0490256B889200EF8000 /* cycle */,
				481F048F256B889200EF8000 /* Products */,
				4108252D215C51BB19828B84 /* Pods */,
				95AB07CDA09AFA368A798CCD /* Frameworks */,
			);
			sourceTree = "<group>";
		};
		481F048F256B889200EF8000 /* Products */ = {
			isa = PBXGroup;
			children = (
				481F048E256B889200EF8000 /* cycle.app */,
			);
			name = Products;
			sourceTree = "<group>";
		};
		481F0490256B889200EF8000 /* cycle */ = {
			isa = PBXGroup;
			children = (
				48B14AFE2581E647005606C4 /* Constant */,
				48B14AFD2581E636005606C4 /* Util */,
				48B5DBDE25709219002C931D /* Protocol */,
				48B5DBDD25709205002C931D /* View */,
				48B5DBDC257091FE002C931D /* Model */,
				48B5DBDB257091DE002C931D /* Controller */,
				481F0491256B889200EF8000 /* AppDelegate.swift */,
				481F0497256B889200EF8000 /* Main.storyboard */,
				481F049A256B889300EF8000 /* Assets.xcassets */,
				481F049C256B889300EF8000 /* LaunchScreen.storyboard */,
				481F049F256B889300EF8000 /* Info.plist */,
			);
			path = cycle;
			sourceTree = "<group>";
		};
		48A9B0C0258892D600862D13 /* Alert */ = {
			isa = PBXGroup;
			children = (
				48A9B0BD25887B4E00862D13 /* AlertViewNotSetMusicVC.swift */,
				48A9B0C12588930900862D13 /* AlertVodDownVC.swift */,
				48D793452589BC0400AA45F5 /* AlertSencerCheckVC.swift */,
				48D793482589C99400AA45F5 /* AlertResolutionVC.swift */,
				487685862590674B001E5BFA /* AlertSignUpVC.swift */,
				48CE28E72592F1F60044EAE4 /* AlertVersionVC.swift */,
			);
			path = Alert;
			sourceTree = "<group>";
		};
		48B14AFD2581E636005606C4 /* Util */ = {
			isa = PBXGroup;
			children = (
				48B14B0B2581FC2C005606C4 /* DatabaseManager.swift */,
				48B14B0C2581FC2C005606C4 /* MyStyle.swift */,
				48B14B002581E6B8005606C4 /* Util.swift */,
			);
			path = Util;
			sourceTree = "<group>";
		};
		48B14AFE2581E647005606C4 /* Constant */ = {
			isa = PBXGroup;
			children = (
				48B14B042581E6E7005606C4 /* Constant.swift */,
				4876857A25904A0D001E5BFA /* Localizable.strings */,
			);
			path = Constant;
			sourceTree = "<group>";
		};
		48B5DBDB257091DE002C931D /* Controller */ = {
			isa = PBXGroup;
			children = (
				48A9B0C0258892D600862D13 /* Alert */,
				48B14AF72581E56F005606C4 /* LoginViewController.swift */,
				48B14AF82581E56F005606C4 /* MusicListController.swift */,
				48B14AF62581E56F005606C4 /* SignUpViewController.swift */,
				486A956E256F45090094B2FB /* LeftViewController.swift */,
				481F0495256B889200EF8000 /* ViewController.swift */,
				4876858A25907F65001E5BFA /* CyCleWebViewController.swift */,
				48CE28E42592E5D70044EAE4 /* MusicTutorialViewController.swift */,
				48DE4119259467210000346E /* VodListController.swift */,
			);
			path = Controller;
			sourceTree = "<group>";
		};
		48B5DBDC257091FE002C931D /* Model */ = {
			isa = PBXGroup;
			children = (
				48B14B082581FC03005606C4 /* MusicInfo.swift */,
				48DE4115259440610000346E /* VideoInfo.swift */,
			);
			path = Model;
			sourceTree = "<group>";
		};
		48B5DBDD25709205002C931D /* View */ = {
			isa = PBXGroup;
			children = (
				48B14AF22581E50C005606C4 /* LiveInfoCell.swift */,
				48B14AF12581E50C005606C4 /* LiveInfoCell.xib */,
				48A9B0AF2588561000862D13 /* AlertMusicNotSet.swift */,
				48A9B0AC258855EC00862D13 /* AlertMusicNotSet.xib */,
				48F0B369258DCAB700C08B69 /* logoView.xib */,
				48F0B36C258DCAFF00C08B69 /* logoView.swift */,
			);
			path = View;
			sourceTree = "<group>";
		};
		48B5DBDE25709219002C931D /* Protocol */ = {
			isa = PBXGroup;
			children = (
				48B14AFF2581E6B8005606C4 /* Protocol.swift */,
			);
			path = Protocol;
			sourceTree = "<group>";
		};
		95AB07CDA09AFA368A798CCD /* Frameworks */ = {
			isa = PBXGroup;
			children = (
				AD93B7089648CBFC9A79B9BA /* Pods_cycle.framework */,
			);
			name = Frameworks;
			sourceTree = "<group>";
		};
/* End PBXGroup section */

/* Begin PBXNativeTarget section */
		481F048D256B889200EF8000 /* cycle */ = {
			isa = PBXNativeTarget;
			buildConfigurationList = 481F04A2256B889300EF8000 /* Build configuration list for PBXNativeTarget "cycle" */;
			buildPhases = (
				77F4EEB3802D5C77937CBFB9 /* [CP] Check Pods Manifest.lock */,
				481F048A256B889200EF8000 /* Sources */,
				481F048B256B889200EF8000 /* Frameworks */,
				481F048C256B889200EF8000 /* Resources */,
				2AB7CBB49D6722E49A378E2E /* [CP] Embed Pods Frameworks */,
			);
			buildRules = (
			);
			dependencies = (
			);
			name = cycle;
			productName = cycle;
			productReference = 481F048E256B889200EF8000 /* cycle.app */;
			productType = "com.apple.product-type.application";
		};
/* End PBXNativeTarget section */

/* Begin PBXProject section */
		481F0486256B889200EF8000 /* Project object */ = {
			isa = PBXProject;
			attributes = {
				LastSwiftUpdateCheck = 1210;
				LastUpgradeCheck = 1210;
				TargetAttributes = {
					481F048D256B889200EF8000 = {
						CreatedOnToolsVersion = 12.1;
					};
				};
			};
			buildConfigurationList = 481F0489256B889200EF8000 /* Build configuration list for PBXProject "cycle" */;
			compatibilityVersion = "Xcode 9.3";
			developmentRegion = en;
			hasScannedForEncodings = 0;
			knownRegions = (
				en,
				Base,
				ko,
			);
			mainGroup = 481F0485256B889200EF8000;
			productRefGroup = 481F048F256B889200EF8000 /* Products */;
			projectDirPath = "";
			projectRoot = "";
			targets = (
				481F048D256B889200EF8000 /* cycle */,
			);
		};
/* End PBXProject section */

/* Begin PBXResourcesBuildPhase section */
		481F048C256B889200EF8000 /* Resources */ = {
			isa = PBXResourcesBuildPhase;
			buildActionMask = 2147483647;
			files = (
				481F049E256B889300EF8000 /* LaunchScreen.storyboard in Resources */,
				48B14AF32581E50C005606C4 /* LiveInfoCell.xib in Resources */,
				481F049B256B889300EF8000 /* Assets.xcassets in Resources */,
				4876857825904A0D001E5BFA /* Localizable.strings in Resources */,
				48F0B36A258DCAB700C08B69 /* logoView.xib in Resources */,
				48A9B0AD258855EC00862D13 /* AlertMusicNotSet.xib in Resources */,
				481F0499256B889200EF8000 /* Main.storyboard in Resources */,
			);
			runOnlyForDeploymentPostprocessing = 0;
		};
/* End PBXResourcesBuildPhase section */

/* Begin PBXShellScriptBuildPhase section */
		2AB7CBB49D6722E49A378E2E /* [CP] Embed Pods Frameworks */ = {
			isa = PBXShellScriptBuildPhase;
			buildActionMask = 2147483647;
			files = (
			);
			inputFileListPaths = (
				"${PODS_ROOT}/Target Support Files/Pods-cycle/Pods-cycle-frameworks-${CONFIGURATION}-input-files.xcfilelist",
			);
			name = "[CP] Embed Pods Frameworks";
			outputFileListPaths = (
				"${PODS_ROOT}/Target Support Files/Pods-cycle/Pods-cycle-frameworks-${CONFIGURATION}-output-files.xcfilelist",
			);
			runOnlyForDeploymentPostprocessing = 0;
			shellPath = /bin/sh;
			shellScript = "\"${PODS_ROOT}/Target Support Files/Pods-cycle/Pods-cycle-frameworks.sh\"\n";
			showEnvVarsInLog = 0;
		};
		77F4EEB3802D5C77937CBFB9 /* [CP] Check Pods Manifest.lock */ = {
			isa = PBXShellScriptBuildPhase;
			buildActionMask = 2147483647;
			files = (
			);
			inputFileListPaths = (
			);
			inputPaths = (
				"${PODS_PODFILE_DIR_PATH}/Podfile.lock",
				"${PODS_ROOT}/Manifest.lock",
			);
			name = "[CP] Check Pods Manifest.lock";
			outputFileListPaths = (
			);
			outputPaths = (
				"$(DERIVED_FILE_DIR)/Pods-cycle-checkManifestLockResult.txt",
			);
			runOnlyForDeploymentPostprocessing = 0;
			shellPath = /bin/sh;
			shellScript = "diff \"${PODS_PODFILE_DIR_PATH}/Podfile.lock\" \"${PODS_ROOT}/Manifest.lock\" > /dev/null\nif [ $? != 0 ] ; then\n    # print error to STDERR\n    echo \"error: The sandbox is not in sync with the Podfile.lock. Run 'pod install' or update your CocoaPods installation.\" >&2\n    exit 1\nfi\n# This output is used by Xcode 'outputs' to avoid re-running this script phase.\necho \"SUCCESS\" > \"${SCRIPT_OUTPUT_FILE_0}\"\n";
			showEnvVarsInLog = 0;
		};
/* End PBXShellScriptBuildPhase section */

/* Begin PBXSourcesBuildPhase section */
		481F048A256B889200EF8000 /* Sources */ = {
			isa = PBXSourcesBuildPhase;
			buildActionMask = 2147483647;
			files = (
				48B14AFA2581E570005606C4 /* LoginViewController.swift in Sources */,
				487685872590674B001E5BFA /* AlertSignUpVC.swift in Sources */,
				48A9B0C22588930900862D13 /* AlertVodDownVC.swift in Sources */,
				48A9B0B02588561000862D13 /* AlertMusicNotSet.swift in Sources */,
				48B14AF92581E570005606C4 /* SignUpViewController.swift in Sources */,
				48B14B0D2581FC2C005606C4 /* DatabaseManager.swift in Sources */,
				48CE28E82592F1F60044EAE4 /* AlertVersionVC.swift in Sources */,
				481F0496256B889200EF8000 /* ViewController.swift in Sources */,
				48F0B36D258DCAFF00C08B69 /* logoView.swift in Sources */,
				486A956F256F45090094B2FB /* LeftViewController.swift in Sources */,
				481F0492256B889200EF8000 /* AppDelegate.swift in Sources */,
				48B14B012581E6B8005606C4 /* Protocol.swift in Sources */,
				48DE411A259467210000346E /* VodListController.swift in Sources */,
				48D793462589BC0400AA45F5 /* AlertSencerCheckVC.swift in Sources */,
				48B14B0E2581FC2C005606C4 /* MyStyle.swift in Sources */,
				48B14AFB2581E570005606C4 /* MusicListController.swift in Sources */,
				48B14B092581FC03005606C4 /* MusicInfo.swift in Sources */,
				48B14B022581E6B8005606C4 /* Util.swift in Sources */,
				48D793492589C99400AA45F5 /* AlertResolutionVC.swift in Sources */,
				48B14B052581E6E7005606C4 /* Constant.swift in Sources */,
				48B14AF42581E50C005606C4 /* LiveInfoCell.swift in Sources */,
				48A9B0BE25887B4E00862D13 /* AlertViewNotSetMusicVC.swift in Sources */,
				48DE4116259440610000346E /* VideoInfo.swift in Sources */,
				48CE28E52592E5D70044EAE4 /* MusicTutorialViewController.swift in Sources */,
				4876858B25907F65001E5BFA /* CyCleWebViewController.swift in Sources */,
			);
			runOnlyForDeploymentPostprocessing = 0;
		};
/* End PBXSourcesBuildPhase section */

/* Begin PBXVariantGroup section */
		481F0497256B889200EF8000 /* Main.storyboard */ = {
			isa = PBXVariantGroup;
			children = (
				481F0498256B889200EF8000 /* Base */,
			);
			name = Main.storyboard;
			sourceTree = "<group>";
		};
		481F049C256B889300EF8000 /* LaunchScreen.storyboard */ = {
			isa = PBXVariantGroup;
			children = (
				481F049D256B889300EF8000 /* Base */,
			);
			name = LaunchScreen.storyboard;
			sourceTree = "<group>";
		};
		4876857A25904A0D001E5BFA /* Localizable.strings */ = {
			isa = PBXVariantGroup;
			children = (
				4876857925904A0D001E5BFA /* en */,
				4876857C25904A1D001E5BFA /* ko */,
			);
			name = Localizable.strings;
			sourceTree = "<group>";
		};
/* End PBXVariantGroup section */

/* Begin XCBuildConfiguration section */
		481F04A0256B889300EF8000 /* Debug */ = {
			isa = XCBuildConfiguration;
			buildSettings = {
				ALWAYS_SEARCH_USER_PATHS = NO;
				CLANG_ANALYZER_LOCALIZABILITY_NONLOCALIZED = YES;
				CLANG_ANALYZER_NONNULL = YES;
				CLANG_ANALYZER_NUMBER_OBJECT_CONVERSION = YES_AGGRESSIVE;
				CLANG_CXX_LANGUAGE_STANDARD = "gnu++14";
				CLANG_CXX_LIBRARY = "libc++";
				CLANG_ENABLE_MODULES = YES;
				CLANG_ENABLE_OBJC_ARC = YES;
				CLANG_ENABLE_OBJC_WEAK = YES;
				CLANG_WARN_BLOCK_CAPTURE_AUTORELEASING = YES;
				CLANG_WARN_BOOL_CONVERSION = YES;
				CLANG_WARN_COMMA = YES;
				CLANG_WARN_CONSTANT_CONVERSION = YES;
				CLANG_WARN_DEPRECATED_OBJC_IMPLEMENTATIONS = YES;
				CLANG_WARN_DIRECT_OBJC_ISA_USAGE = YES_ERROR;
				CLANG_WARN_DOCUMENTATION_COMMENTS = YES;
				CLANG_WARN_EMPTY_BODY = YES;
				CLANG_WARN_ENUM_CONVERSION = YES;
				CLANG_WARN_INFINITE_RECURSION = YES;
				CLANG_WARN_INT_CONVERSION = YES;
				CLANG_WARN_NON_LITERAL_NULL_CONVERSION = YES;
				CLANG_WARN_OBJC_IMPLICIT_RETAIN_SELF = YES;
				CLANG_WARN_OBJC_LITERAL_CONVERSION = YES;
				CLANG_WARN_OBJC_ROOT_CLASS = YES_ERROR;
				CLANG_WARN_QUOTED_INCLUDE_IN_FRAMEWORK_HEADER = YES;
				CLANG_WARN_RANGE_LOOP_ANALYSIS = YES;
				CLANG_WARN_STRICT_PROTOTYPES = YES;
				CLANG_WARN_SUSPICIOUS_MOVE = YES;
				CLANG_WARN_UNGUARDED_AVAILABILITY = YES_AGGRESSIVE;
				CLANG_WARN_UNREACHABLE_CODE = YES;
				CLANG_WARN__DUPLICATE_METHOD_MATCH = YES;
				COPY_PHASE_STRIP = NO;
				DEBUG_INFORMATION_FORMAT = dwarf;
				ENABLE_STRICT_OBJC_MSGSEND = YES;
				ENABLE_TESTABILITY = YES;
				GCC_C_LANGUAGE_STANDARD = gnu11;
				GCC_DYNAMIC_NO_PIC = NO;
				GCC_NO_COMMON_BLOCKS = YES;
				GCC_OPTIMIZATION_LEVEL = 0;
				GCC_PREPROCESSOR_DEFINITIONS = (
					"DEBUG=1",
					"$(inherited)",
				);
				GCC_WARN_64_TO_32_BIT_CONVERSION = YES;
				GCC_WARN_ABOUT_RETURN_TYPE = YES_ERROR;
				GCC_WARN_UNDECLARED_SELECTOR = YES;
				GCC_WARN_UNINITIALIZED_AUTOS = YES_AGGRESSIVE;
				GCC_WARN_UNUSED_FUNCTION = YES;
				GCC_WARN_UNUSED_VARIABLE = YES;
				IPHONEOS_DEPLOYMENT_TARGET = 12.0;
				MTL_ENABLE_DEBUG_INFO = INCLUDE_SOURCE;
				MTL_FAST_MATH = YES;
				ONLY_ACTIVE_ARCH = YES;
				SDKROOT = iphoneos;
				SWIFT_ACTIVE_COMPILATION_CONDITIONS = DEBUG;
				SWIFT_OPTIMIZATION_LEVEL = "-Onone";
			};
			name = Debug;
		};
		481F04A1256B889300EF8000 /* Release */ = {
			isa = XCBuildConfiguration;
			buildSettings = {
				ALWAYS_SEARCH_USER_PATHS = NO;
				CLANG_ANALYZER_LOCALIZABILITY_NONLOCALIZED = YES;
				CLANG_ANALYZER_NONNULL = YES;
				CLANG_ANALYZER_NUMBER_OBJECT_CONVERSION = YES_AGGRESSIVE;
				CLANG_CXX_LANGUAGE_STANDARD = "gnu++14";
				CLANG_CXX_LIBRARY = "libc++";
				CLANG_ENABLE_MODULES = YES;
				CLANG_ENABLE_OBJC_ARC = YES;
				CLANG_ENABLE_OBJC_WEAK = YES;
				CLANG_WARN_BLOCK_CAPTURE_AUTORELEASING = YES;
				CLANG_WARN_BOOL_CONVERSION = YES;
				CLANG_WARN_COMMA = YES;
				CLANG_WARN_CONSTANT_CONVERSION = YES;
				CLANG_WARN_DEPRECATED_OBJC_IMPLEMENTATIONS = YES;
				CLANG_WARN_DIRECT_OBJC_ISA_USAGE = YES_ERROR;
				CLANG_WARN_DOCUMENTATION_COMMENTS = YES;
				CLANG_WARN_EMPTY_BODY = YES;
				CLANG_WARN_ENUM_CONVERSION = YES;
				CLANG_WARN_INFINITE_RECURSION = YES;
				CLANG_WARN_INT_CONVERSION = YES;
				CLANG_WARN_NON_LITERAL_NULL_CONVERSION = YES;
				CLANG_WARN_OBJC_IMPLICIT_RETAIN_SELF = YES;
				CLANG_WARN_OBJC_LITERAL_CONVERSION = YES;
				CLANG_WARN_OBJC_ROOT_CLASS = YES_ERROR;
				CLANG_WARN_QUOTED_INCLUDE_IN_FRAMEWORK_HEADER = YES;
				CLANG_WARN_RANGE_LOOP_ANALYSIS = YES;
				CLANG_WARN_STRICT_PROTOTYPES = YES;
				CLANG_WARN_SUSPICIOUS_MOVE = YES;
				CLANG_WARN_UNGUARDED_AVAILABILITY = YES_AGGRESSIVE;
				CLANG_WARN_UNREACHABLE_CODE = YES;
				CLANG_WARN__DUPLICATE_METHOD_MATCH = YES;
				COPY_PHASE_STRIP = NO;
				DEBUG_INFORMATION_FORMAT = "dwarf-with-dsym";
				ENABLE_NS_ASSERTIONS = NO;
				ENABLE_STRICT_OBJC_MSGSEND = YES;
				GCC_C_LANGUAGE_STANDARD = gnu11;
				GCC_NO_COMMON_BLOCKS = YES;
				GCC_WARN_64_TO_32_BIT_CONVERSION = YES;
				GCC_WARN_ABOUT_RETURN_TYPE = YES_ERROR;
				GCC_WARN_UNDECLARED_SELECTOR = YES;
				GCC_WARN_UNINITIALIZED_AUTOS = YES_AGGRESSIVE;
				GCC_WARN_UNUSED_FUNCTION = YES;
				GCC_WARN_UNUSED_VARIABLE = YES;
				IPHONEOS_DEPLOYMENT_TARGET = 12.0;
				MTL_ENABLE_DEBUG_INFO = NO;
				MTL_FAST_MATH = YES;
				SDKROOT = iphoneos;
				SWIFT_COMPILATION_MODE = wholemodule;
				SWIFT_OPTIMIZATION_LEVEL = "-O";
				VALIDATE_PRODUCT = YES;
			};
			name = Release;
		};
		481F04A3256B889300EF8000 /* Debug */ = {
			isa = XCBuildConfiguration;
			baseConfigurationReference = AAF8A9DBBA5F86BD4889F21F /* Pods-cycle.debug.xcconfig */;
			buildSettings = {
				ASSETCATALOG_COMPILER_APPICON_NAME = AppIcon;
				ASSETCATALOG_COMPILER_GLOBAL_ACCENT_COLOR_NAME = AccentColor;
				CODE_SIGN_STYLE = Automatic;
				DEVELOPMENT_TEAM = G5S28GQNC3;
				INFOPLIST_FILE = cycle/Info.plist;
				LD_RUNPATH_SEARCH_PATHS = (
					"$(inherited)",
					"@executable_path/Frameworks",
				);
				MARKETING_VERSION = 0.0.2;
				PRODUCT_BUNDLE_IDENTIFIER = com.mtome.cycle.cycle;
				PRODUCT_NAME = "$(TARGET_NAME)";
				SWIFT_VERSION = 5.0;
				TARGETED_DEVICE_FAMILY = "1,2";
			};
			name = Debug;
		};
		481F04A4256B889300EF8000 /* Release */ = {
			isa = XCBuildConfiguration;
			baseConfigurationReference = 6A6DBCA2A901E77A07A1ADB1 /* Pods-cycle.release.xcconfig */;
			buildSettings = {
				ASSETCATALOG_COMPILER_APPICON_NAME = AppIcon;
				ASSETCATALOG_COMPILER_GLOBAL_ACCENT_COLOR_NAME = AccentColor;
				CODE_SIGN_STYLE = Automatic;
				DEVELOPMENT_TEAM = G5S28GQNC3;
				INFOPLIST_FILE = cycle/Info.plist;
				LD_RUNPATH_SEARCH_PATHS = (
					"$(inherited)",
					"@executable_path/Frameworks",
				);
				MARKETING_VERSION = 0.0.2;
				PRODUCT_BUNDLE_IDENTIFIER = com.mtome.cycle.cycle;
				PRODUCT_NAME = "$(TARGET_NAME)";
				SWIFT_VERSION = 5.0;
				TARGETED_DEVICE_FAMILY = "1,2";
			};
			name = Release;
		};
/* End XCBuildConfiguration section */

/* Begin XCConfigurationList section */
		481F0489256B889200EF8000 /* Build configuration list for PBXProject "cycle" */ = {
			isa = XCConfigurationList;
			buildConfigurations = (
				481F04A0256B889300EF8000 /* Debug */,
				481F04A1256B889300EF8000 /* Release */,
			);
			defaultConfigurationIsVisible = 0;
			defaultConfigurationName = Release;
		};
		481F04A2256B889300EF8000 /* Build configuration list for PBXNativeTarget "cycle" */ = {
			isa = XCConfigurationList;
			buildConfigurations = (
				481F04A3256B889300EF8000 /* Debug */,
				481F04A4256B889300EF8000 /* Release */,
			);
			defaultConfigurationIsVisible = 0;
			defaultConfigurationName = Release;
		};
/* End XCConfigurationList section */
	};
	rootObject = 481F0486256B889200EF8000 /* Project object */;
}
